// !$*UTF8*$!
{
	archiveVersion = 1;
	classes = {
	};
	objectVersion = 56;
	objects = {

/* Begin PBXBuildFile section */
		BF1763782A7058FC001C3AB8 /* AppCounterApp.swift in Sources */ = {isa = PBXBuildFile; fileRef = BF1763772A7058FC001C3AB8 /* AppCounterApp.swift */; };
		BF17637A2A7058FC001C3AB8 /* ContentView.swift in Sources */ = {isa = PBXBuildFile; fileRef = BF1763792A7058FC001C3AB8 /* ContentView.swift */; };
		BF17637C2A7058FD001C3AB8 /* Assets.xcassets in Resources */ = {isa = PBXBuildFile; fileRef = BF17637B2A7058FD001C3AB8 /* Assets.xcassets */; };
		BF1763802A7058FD001C3AB8 /* Preview Assets.xcassets in Resources */ = {isa = PBXBuildFile; fileRef = BF17637F2A7058FD001C3AB8 /* Preview Assets.xcassets */; };
		BF17638A2A7058FD001C3AB8 /* AppCounterTests.swift in Sources */ = {isa = PBXBuildFile; fileRef = BF1763892A7058FD001C3AB8 /* AppCounterTests.swift */; };
		BF1763942A7058FD001C3AB8 /* AppCounterUITests.swift in Sources */ = {isa = PBXBuildFile; fileRef = BF1763932A7058FD001C3AB8 /* AppCounterUITests.swift */; };
		BF1763962A7058FD001C3AB8 /* AppCounterUITestsLaunchTests.swift in Sources */ = {isa = PBXBuildFile; fileRef = BF1763952A7058FD001C3AB8 /* AppCounterUITestsLaunchTests.swift */; };
/* End PBXBuildFile section */

/* Begin PBXContainerItemProxy section */
		BF1763862A7058FD001C3AB8 /* PBXContainerItemProxy */ = {
			isa = PBXContainerItemProxy;
			containerPortal = BF17636C2A7058FC001C3AB8 /* Project object */;
			proxyType = 1;
			remoteGlobalIDString = BF1763732A7058FC001C3AB8;
			remoteInfo = AppCounter;
		};
		BF1763902A7058FD001C3AB8 /* PBXContainerItemProxy */ = {
			isa = PBXContainerItemProxy;
			containerPortal = BF17636C2A7058FC001C3AB8 /* Project object */;
			proxyType = 1;
			remoteGlobalIDString = BF1763732A7058FC001C3AB8;
			remoteInfo = AppCounter;
		};
/* End PBXContainerItemProxy section */

/* Begin PBXFileReference section */
		BF1763742A7058FC001C3AB8 /* AppCounter.app */ = {isa = PBXFileReference; explicitFileType = wrapper.application; includeInIndex = 0; path = AppCounter.app; sourceTree = BUILT_PRODUCTS_DIR; };
		BF1763772A7058FC001C3AB8 /* AppCounterApp.swift */ = {isa = PBXFileReference; lastKnownFileType = sourcecode.swift; path = AppCounterApp.swift; sourceTree = "<group>"; };
		BF1763792A7058FC001C3AB8 /* ContentView.swift */ = {isa = PBXFileReference; lastKnownFileType = sourcecode.swift; path = ContentView.swift; sourceTree = "<group>"; };
		BF17637B2A7058FD001C3AB8 /* Assets.xcassets */ = {isa = PBXFileReference; lastKnownFileType = folder.assetcatalog; path = Assets.xcassets; sourceTree = "<group>"; };
		BF17637D2A7058FD001C3AB8 /* AppCounter.entitlements */ = {isa = PBXFileReference; lastKnownFileType = text.plist.entitlements; path = AppCounter.entitlements; sourceTree = "<group>"; };
		BF17637F2A7058FD001C3AB8 /* Preview Assets.xcassets */ = {isa = PBXFileReference; lastKnownFileType = folder.assetcatalog; path = "Preview Assets.xcassets"; sourceTree = "<group>"; };
		BF1763852A7058FD001C3AB8 /* AppCounterTests.xctest */ = {isa = PBXFileReference; explicitFileType = wrapper.cfbundle; includeInIndex = 0; path = AppCounterTests.xctest; sourceTree = BUILT_PRODUCTS_DIR; };
		BF1763892A7058FD001C3AB8 /* AppCounterTests.swift */ = {isa = PBXFileReference; lastKnownFileType = sourcecode.swift; path = AppCounterTests.swift; sourceTree = "<group>"; };
		BF17638F2A7058FD001C3AB8 /* AppCounterUITests.xctest */ = {isa = PBXFileReference; explicitFileType = wrapper.cfbundle; includeInIndex = 0; path = AppCounterUITests.xctest; sourceTree = BUILT_PRODUCTS_DIR; };
		BF1763932A7058FD001C3AB8 /* AppCounterUITests.swift */ = {isa = PBXFileReference; lastKnownFileType = sourcecode.swift; path = AppCounterUITests.swift; sourceTree = "<group>"; };
		BF1763952A7058FD001C3AB8 /* AppCounterUITestsLaunchTests.swift */ = {isa = PBXFileReference; lastKnownFileType = sourcecode.swift; path = AppCounterUITestsLaunchTests.swift; sourceTree = "<group>"; };
/* End PBXFileReference section */

/* Begin PBXFrameworksBuildPhase section */
		BF1763712A7058FC001C3AB8 /* Frameworks */ = {
			isa = PBXFrameworksBuildPhase;
			buildActionMask = 2147483647;
			files = (
			);
			runOnlyForDeploymentPostprocessing = 0;
		};
		BF1763822A7058FD001C3AB8 /* Frameworks */ = {
			isa = PBXFrameworksBuildPhase;
			buildActionMask = 2147483647;
			files = (
			);
			runOnlyForDeploymentPostprocessing = 0;
		};
		BF17638C2A7058FD001C3AB8 /* Frameworks */ = {
			isa = PBXFrameworksBuildPhase;
			buildActionMask = 2147483647;
			files = (
			);
			runOnlyForDeploymentPostprocessing = 0;
		};
/* End PBXFrameworksBuildPhase section */

/* Begin PBXGroup section */
		BF17636B2A7058FC001C3AB8 = {
			isa = PBXGroup;
			children = (
				BF1763762A7058FC001C3AB8 /* AppCounter */,
				BF1763882A7058FD001C3AB8 /* AppCounterTests */,
				BF1763922A7058FD001C3AB8 /* AppCounterUITests */,
				BF1763752A7058FC001C3AB8 /* Products */,
			);
			sourceTree = "<group>";
		};
		BF1763752A7058FC001C3AB8 /* Products */ = {
			isa = PBXGroup;
			children = (
				BF1763742A7058FC001C3AB8 /* AppCounter.app */,
				BF1763852A7058FD001C3AB8 /* AppCounterTests.xctest */,
				BF17638F2A7058FD001C3AB8 /* AppCounterUITests.xctest */,
			);
			name = Products;
			sourceTree = "<group>";
		};
		BF1763762A7058FC001C3AB8 /* AppCounter */ = {
			isa = PBXGroup;
			children = (
				BF1763772A7058FC001C3AB8 /* AppCounterApp.swift */,
				BF1763792A7058FC001C3AB8 /* ContentView.swift */,
				BF17637B2A7058FD001C3AB8 /* Assets.xcassets */,
				BF17637D2A7058FD001C3AB8 /* AppCounter.entitlements */,
				BF17637E2A7058FD001C3AB8 /* Preview Content */,
			);
			path = AppCounter;
			sourceTree = "<group>";
		};
		BF17637E2A7058FD001C3AB8 /* Preview Content */ = {
			isa = PBXGroup;
			children = (
				BF17637F2A7058FD001C3AB8 /* Preview Assets.xcassets */,
			);
			path = "Preview Content";
			sourceTree = "<group>";
		};
		BF1763882A7058FD001C3AB8 /* AppCounterTests */ = {
			isa = PBXGroup;
			children = (
				BF1763892A7058FD001C3AB8 /* AppCounterTests.swift */,
			);
			path = AppCounterTests;
			sourceTree = "<group>";
		};
		BF1763922A7058FD001C3AB8 /* AppCounterUITests */ = {
			isa = PBXGroup;
			children = (
				BF1763932A7058FD001C3AB8 /* AppCounterUITests.swift */,
				BF1763952A7058FD001C3AB8 /* AppCounterUITestsLaunchTests.swift */,
			);
			path = AppCounterUITests;
			sourceTree = "<group>";
		};
/* End PBXGroup section */

/* Begin PBXNativeTarget section */
		BF1763732A7058FC001C3AB8 /* AppCounter */ = {
			isa = PBXNativeTarget;
			buildConfigurationList = BF1763992A7058FD001C3AB8 /* Build configuration list for PBXNativeTarget "AppCounter" */;
			buildPhases = (
				BF1763702A7058FC001C3AB8 /* Sources */,
				BF1763712A7058FC001C3AB8 /* Frameworks */,
				BF1763722A7058FC001C3AB8 /* Resources */,
			);
			buildRules = (
			);
			dependencies = (
			);
			name = AppCounter;
			productName = AppCounter;
			productReference = BF1763742A7058FC001C3AB8 /* AppCounter.app */;
			productType = "com.apple.product-type.application";
		};
		BF1763842A7058FD001C3AB8 /* AppCounterTests */ = {
			isa = PBXNativeTarget;
			buildConfigurationList = BF17639C2A7058FD001C3AB8 /* Build configuration list for PBXNativeTarget "AppCounterTests" */;
			buildPhases = (
				BF1763812A7058FD001C3AB8 /* Sources */,
				BF1763822A7058FD001C3AB8 /* Frameworks */,
				BF1763832A7058FD001C3AB8 /* Resources */,
			);
			buildRules = (
			);
			dependencies = (
				BF1763872A7058FD001C3AB8 /* PBXTargetDependency */,
			);
			name = AppCounterTests;
			productName = AppCounterTests;
			productReference = BF1763852A7058FD001C3AB8 /* AppCounterTests.xctest */;
			productType = "com.apple.product-type.bundle.unit-test";
		};
		BF17638E2A7058FD001C3AB8 /* AppCounterUITests */ = {
			isa = PBXNativeTarget;
			buildConfigurationList = BF17639F2A7058FD001C3AB8 /* Build configuration list for PBXNativeTarget "AppCounterUITests" */;
			buildPhases = (
				BF17638B2A7058FD001C3AB8 /* Sources */,
				BF17638C2A7058FD001C3AB8 /* Frameworks */,
				BF17638D2A7058FD001C3AB8 /* Resources */,
			);
			buildRules = (
			);
			dependencies = (
				BF1763912A7058FD001C3AB8 /* PBXTargetDependency */,
			);
			name = AppCounterUITests;
			productName = AppCounterUITests;
			productReference = BF17638F2A7058FD001C3AB8 /* AppCounterUITests.xctest */;
			productType = "com.apple.product-type.bundle.ui-testing";
		};
/* End PBXNativeTarget section */

/* Begin PBXProject section */
		BF17636C2A7058FC001C3AB8 /* Project object */ = {
			isa = PBXProject;
			attributes = {
				BuildIndependentTargetsInParallel = 1;
				LastSwiftUpdateCheck = 1430;
				LastUpgradeCheck = 1430;
				TargetAttributes = {
					BF1763732A7058FC001C3AB8 = {
						CreatedOnToolsVersion = 14.3.1;
					};
					BF1763842A7058FD001C3AB8 = {
						CreatedOnToolsVersion = 14.3.1;
						TestTargetID = BF1763732A7058FC001C3AB8;
					};
					BF17638E2A7058FD001C3AB8 = {
						CreatedOnToolsVersion = 14.3.1;
						TestTargetID = BF1763732A7058FC001C3AB8;
					};
				};
			};
			buildConfigurationList = BF17636F2A7058FC001C3AB8 /* Build configuration list for PBXProject "AppCounter" */;
			compatibilityVersion = "Xcode 14.0";
			developmentRegion = en;
			hasScannedForEncodings = 0;
			knownRegions = (
				en,
				Base,
			);
			mainGroup = BF17636B2A7058FC001C3AB8;
			productRefGroup = BF1763752A7058FC001C3AB8 /* Products */;
			projectDirPath = "";
			projectRoot = "";
			targets = (
				BF1763732A7058FC001C3AB8 /* AppCounter */,
				BF1763842A7058FD001C3AB8 /* AppCounterTests */,
				BF17638E2A7058FD001C3AB8 /* AppCounterUITests */,
			);
		};
/* End PBXProject section */

/* Begin PBXResourcesBuildPhase section */
		BF1763722A7058FC001C3AB8 /* Resources */ = {
			isa = PBXResourcesBuildPhase;
			buildActionMask = 2147483647;
			files = (
				BF1763802A7058FD001C3AB8 /* Preview Assets.xcassets in Resources */,
				BF17637C2A7058FD001C3AB8 /* Assets.xcassets in Resources */,
			);
			runOnlyForDeploymentPostprocessing = 0;
		};
		BF1763832A7058FD001C3AB8 /* Resources */ = {
			isa = PBXResourcesBuildPhase;
			buildActionMask = 2147483647;
			files = (
			);
			runOnlyForDeploymentPostprocessing = 0;
		};
		BF17638D2A7058FD001C3AB8 /* Resources */ = {
			isa = PBXResourcesBuildPhase;
			buildActionMask = 2147483647;
			files = (
			);
			runOnlyForDeploymentPostprocessing = 0;
		};
/* End PBXResourcesBuildPhase section */

/* Begin PBXSourcesBuildPhase section */
		BF1763702A7058FC001C3AB8 /* Sources */ = {
			isa = PBXSourcesBuildPhase;
			buildActionMask = 2147483647;
			files = (
				BF17637A2A7058FC001C3AB8 /* ContentView.swift in Sources */,
				BF1763782A7058FC001C3AB8 /* AppCounterApp.swift in Sources */,
			);
			runOnlyForDeploymentPostprocessing = 0;
		};
		BF1763812A7058FD001C3AB8 /* Sources */ = {
			isa = PBXSourcesBuildPhase;
			buildActionMask = 2147483647;
			files = (
				BF17638A2A7058FD001C3AB8 /* AppCounterTests.swift in Sources */,
			);
			runOnlyForDeploymentPostprocessing = 0;
		};
		BF17638B2A7058FD001C3AB8 /* Sources */ = {
			isa = PBXSourcesBuildPhase;
			buildActionMask = 2147483647;
			files = (
				BF1763942A7058FD001C3AB8 /* AppCounterUITests.swift in Sources */,
				BF1763962A7058FD001C3AB8 /* AppCounterUITestsLaunchTests.swift in Sources */,
			);
			runOnlyForDeploymentPostprocessing = 0;
		};
/* End PBXSourcesBuildPhase section */

/* Begin PBXTargetDependency section */
		BF1763872A7058FD001C3AB8 /* PBXTargetDependency */ = {
			isa = PBXTargetDependency;
			target = BF1763732A7058FC001C3AB8 /* AppCounter */;
			targetProxy = BF1763862A7058FD001C3AB8 /* PBXContainerItemProxy */;
		};
		BF1763912A7058FD001C3AB8 /* PBXTargetDependency */ = {
			isa = PBXTargetDependency;
			target = BF1763732A7058FC001C3AB8 /* AppCounter */;
			targetProxy = BF1763902A7058FD001C3AB8 /* PBXContainerItemProxy */;
		};
/* End PBXTargetDependency section */

/* Begin XCBuildConfiguration section */
		BF1763972A7058FD001C3AB8 /* Debug */ = {
			isa = XCBuildConfiguration;
			buildSettings = {
				ALWAYS_SEARCH_USER_PATHS = NO;
				CLANG_ANALYZER_NONNULL = YES;
				CLANG_ANALYZER_NUMBER_OBJECT_CONVERSION = YES_AGGRESSIVE;
				CLANG_CXX_LANGUAGE_STANDARD = "gnu++20";
				CLANG_ENABLE_MODULES = YES;
				CLANG_ENABLE_OBJC_ARC = YES;
				CLANG_ENABLE_OBJC_WEAK = YES;
				CLANG_WARN_BLOCK_CAPTURE_AUTORELEASING = YES;
				CLANG_WARN_BOOL_CONVERSION = YES;
				CLANG_WARN_COMMA = YES;
				CLANG_WARN_CONSTANT_CONVERSION = YES;
				CLANG_WARN_DEPRECATED_OBJC_IMPLEMENTATIONS = YES;
				CLANG_WARN_DIRECT_OBJC_ISA_USAGE = YES_ERROR;
				CLANG_WARN_DOCUMENTATION_COMMENTS = YES;
				CLANG_WARN_EMPTY_BODY = YES;
				CLANG_WARN_ENUM_CONVERSION = YES;
				CLANG_WARN_INFINITE_RECURSION = YES;
				CLANG_WARN_INT_CONVERSION = YES;
				CLANG_WARN_NON_LITERAL_NULL_CONVERSION = YES;
				CLANG_WARN_OBJC_IMPLICIT_RETAIN_SELF = YES;
				CLANG_WARN_OBJC_LITERAL_CONVERSION = YES;
				CLANG_WARN_OBJC_ROOT_CLASS = YES_ERROR;
				CLANG_WARN_QUOTED_INCLUDE_IN_FRAMEWORK_HEADER = YES;
				CLANG_WARN_RANGE_LOOP_ANALYSIS = YES;
				CLANG_WARN_STRICT_PROTOTYPES = YES;
				CLANG_WARN_SUSPICIOUS_MOVE = YES;
				CLANG_WARN_UNGUARDED_AVAILABILITY = YES_AGGRESSIVE;
				CLANG_WARN_UNREACHABLE_CODE = YES;
				CLANG_WARN__DUPLICATE_METHOD_MATCH = YES;
				COPY_PHASE_STRIP = NO;
				DEBUG_INFORMATION_FORMAT = dwarf;
				ENABLE_STRICT_OBJC_MSGSEND = YES;
				ENABLE_TESTABILITY = YES;
				GCC_C_LANGUAGE_STANDARD = gnu11;
				GCC_DYNAMIC_NO_PIC = NO;
				GCC_NO_COMMON_BLOCKS = YES;
				GCC_OPTIMIZATION_LEVEL = 0;
				GCC_PREPROCESSOR_DEFINITIONS = (
					"DEBUG=1",
					"$(inherited)",
				);
				GCC_WARN_64_TO_32_BIT_CONVERSION = YES;
				GCC_WARN_ABOUT_RETURN_TYPE = YES_ERROR;
				GCC_WARN_UNDECLARED_SELECTOR = YES;
				GCC_WARN_UNINITIALIZED_AUTOS = YES_AGGRESSIVE;
				GCC_WARN_UNUSED_FUNCTION = YES;
				GCC_WARN_UNUSED_VARIABLE = YES;
				MTL_ENABLE_DEBUG_INFO = INCLUDE_SOURCE;
				MTL_FAST_MATH = YES;
				ONLY_ACTIVE_ARCH = YES;
				SWIFT_ACTIVE_COMPILATION_CONDITIONS = DEBUG;
				SWIFT_OPTIMIZATION_LEVEL = "-Onone";
			};
			name = Debug;
		};
		BF1763982A7058FD001C3AB8 /* Release */ = {
			isa = XCBuildConfiguration;
			buildSettings = {
				ALWAYS_SEARCH_USER_PATHS = NO;
				CLANG_ANALYZER_NONNULL = YES;
				CLANG_ANALYZER_NUMBER_OBJECT_CONVERSION = YES_AGGRESSIVE;
				CLANG_CXX_LANGUAGE_STANDARD = "gnu++20";
				CLANG_ENABLE_MODULES = YES;
				CLANG_ENABLE_OBJC_ARC = YES;
				CLANG_ENABLE_OBJC_WEAK = YES;
				CLANG_WARN_BLOCK_CAPTURE_AUTORELEASING = YES;
				CLANG_WARN_BOOL_CONVERSION = YES;
				CLANG_WARN_COMMA = YES;
				CLANG_WARN_CONSTANT_CONVERSION = YES;
				CLANG_WARN_DEPRECATED_OBJC_IMPLEMENTATIONS = YES;
				CLANG_WARN_DIRECT_OBJC_ISA_USAGE = YES_ERROR;
				CLANG_WARN_DOCUMENTATION_COMMENTS = YES;
				CLANG_WARN_EMPTY_BODY = YES;
				CLANG_WARN_ENUM_CONVERSION = YES;
				CLANG_WARN_INFINITE_RECURSION = YES;
				CLANG_WARN_INT_CONVERSION = YES;
				CLANG_WARN_NON_LITERAL_NULL_CONVERSION = YES;
				CLANG_WARN_OBJC_IMPLICIT_RETAIN_SELF = YES;
				CLANG_WARN_OBJC_LITERAL_CONVERSION = YES;
				CLANG_WARN_OBJC_ROOT_CLASS = YES_ERROR;
				CLANG_WARN_QUOTED_INCLUDE_IN_FRAMEWORK_HEADER = YES;
				CLANG_WARN_RANGE_LOOP_ANALYSIS = YES;
				CLANG_WARN_STRICT_PROTOTYPES = YES;
				CLANG_WARN_SUSPICIOUS_MOVE = YES;
				CLANG_WARN_UNGUARDED_AVAILABILITY = YES_AGGRESSIVE;
				CLANG_WARN_UNREACHABLE_CODE = YES;
				CLANG_WARN__DUPLICATE_METHOD_MATCH = YES;
				COPY_PHASE_STRIP = NO;
				DEBUG_INFORMATION_FORMAT = "dwarf-with-dsym";
				ENABLE_NS_ASSERTIONS = NO;
				ENABLE_STRICT_OBJC_MSGSEND = YES;
				GCC_C_LANGUAGE_STANDARD = gnu11;
				GCC_NO_COMMON_BLOCKS = YES;
				GCC_WARN_64_TO_32_BIT_CONVERSION = YES;
				GCC_WARN_ABOUT_RETURN_TYPE = YES_ERROR;
				GCC_WARN_UNDECLARED_SELECTOR = YES;
				GCC_WARN_UNINITIALIZED_AUTOS = YES_AGGRESSIVE;
				GCC_WARN_UNUSED_FUNCTION = YES;
				GCC_WARN_UNUSED_VARIABLE = YES;
				MTL_ENABLE_DEBUG_INFO = NO;
				MTL_FAST_MATH = YES;
				SWIFT_COMPILATION_MODE = wholemodule;
				SWIFT_OPTIMIZATION_LEVEL = "-O";
			};
			name = Release;
		};
		BF17639A2A7058FD001C3AB8 /* Debug */ = {
			isa = XCBuildConfiguration;
			buildSettings = {
				ASSETCATALOG_COMPILER_APPICON_NAME = AppIcon;
				ASSETCATALOG_COMPILER_GLOBAL_ACCENT_COLOR_NAME = AccentColor;
				CODE_SIGN_ENTITLEMENTS = AppCounter/AppCounter.entitlements;
				CODE_SIGN_STYLE = Automatic;
				CURRENT_PROJECT_VERSION = 1;
				DEVELOPMENT_ASSET_PATHS = "\"AppCounter/Preview Content\"";
				DEVELOPMENT_TEAM = KF3X8KAAYQ;
				ENABLE_HARDENED_RUNTIME = YES;
				ENABLE_PREVIEWS = YES;
				GENERATE_INFOPLIST_FILE = YES;
				"INFOPLIST_KEY_UIApplicationSceneManifest_Generation[sdk=iphoneos*]" = YES;
				"INFOPLIST_KEY_UIApplicationSceneManifest_Generation[sdk=iphonesimulator*]" = YES;
				"INFOPLIST_KEY_UIApplicationSupportsIndirectInputEvents[sdk=iphoneos*]" = YES;
				"INFOPLIST_KEY_UIApplicationSupportsIndirectInputEvents[sdk=iphonesimulator*]" = YES;
				"INFOPLIST_KEY_UILaunchScreen_Generation[sdk=iphoneos*]" = YES;
				"INFOPLIST_KEY_UILaunchScreen_Generation[sdk=iphonesimulator*]" = YES;
				"INFOPLIST_KEY_UIStatusBarStyle[sdk=iphoneos*]" = UIStatusBarStyleDefault;
				"INFOPLIST_KEY_UIStatusBarStyle[sdk=iphonesimulator*]" = UIStatusBarStyleDefault;
				INFOPLIST_KEY_UISupportedInterfaceOrientations_iPad = "UIInterfaceOrientationPortrait UIInterfaceOrientationPortraitUpsideDown UIInterfaceOrientationLandscapeLeft UIInterfaceOrientationLandscapeRight";
				INFOPLIST_KEY_UISupportedInterfaceOrientations_iPhone = "UIInterfaceOrientationPortrait UIInterfaceOrientationLandscapeLeft UIInterfaceOrientationLandscapeRight";
				IPHONEOS_DEPLOYMENT_TARGET = 16.4;
				LD_RUNPATH_SEARCH_PATHS = "@executable_path/Frameworks";
				"LD_RUNPATH_SEARCH_PATHS[sdk=macosx*]" = "@executable_path/../Frameworks";
				MACOSX_DEPLOYMENT_TARGET = 13.3;
				MARKETING_VERSION = 1.0;
				PRODUCT_BUNDLE_IDENTIFIER = com.otaviopontes.AppCounter;
				PRODUCT_NAME = "$(TARGET_NAME)";
				SDKROOT = auto;
				SUPPORTED_PLATFORMS = "iphoneos iphonesimulator macosx";
				SWIFT_EMIT_LOC_STRINGS = YES;
				SWIFT_VERSION = 5.0;
				TARGETED_DEVICE_FAMILY = "1,2";
			};
			name = Debug;
		};
		BF17639B2A7058FD001C3AB8 /* Release */ = {
			isa = XCBuildConfiguration;
			buildSettings = {
				ASSETCATALOG_COMPILER_APPICON_NAME = AppIcon;
				ASSETCATALOG_COMPILER_GLOBAL_ACCENT_COLOR_NAME = AccentColor;
				CODE_SIGN_ENTITLEMENTS = AppCounter/AppCounter.entitlements;
				CODE_SIGN_STYLE = Automatic;
				CURRENT_PROJECT_VERSION = 1;
				DEVELOPMENT_ASSET_PATHS = "\"AppCounter/Preview Content\"";
				DEVELOPMENT_TEAM = KF3X8KAAYQ;
				ENABLE_HARDENED_RUNTIME = YES;
				ENABLE_PREVIEWS = YES;
				GENERATE_INFOPLIST_FILE = YES;
				"INFOPLIST_KEY_UIApplicationSceneManifest_Generation[sdk=iphoneos*]" = YES;
				"INFOPLIST_KEY_UIApplicationSceneManifest_Generation[sdk=iphonesimulator*]" = YES;
				"INFOPLIST_KEY_UIApplicationSupportsIndirectInputEvents[sdk=iphoneos*]" = YES;
				"INFOPLIST_KEY_UIApplicationSupportsIndirectInputEvents[sdk=iphonesimulator*]" = YES;
				"INFOPLIST_KEY_UILaunchScreen_Generation[sdk=iphoneos*]" = YES;
				"INFOPLIST_KEY_UILaunchScreen_Generation[sdk=iphonesimulator*]" = YES;
				"INFOPLIST_KEY_UIStatusBarStyle[sdk=iphoneos*]" = UIStatusBarStyleDefault;
				"INFOPLIST_KEY_UIStatusBarStyle[sdk=iphonesimulator*]" = UIStatusBarStyleDefault;
				INFOPLIST_KEY_UISupportedInterfaceOrientations_iPad = "UIInterfaceOrientationPortrait UIInterfaceOrientationPortraitUpsideDown UIInterfaceOrientationLandscapeLeft UIInterfaceOrientationLandscapeRight";
				INFOPLIST_KEY_UISupportedInterfaceOrientations_iPhone = "UIInterfaceOrientationPortrait UIInterfaceOrientationLandscapeLeft UIInterfaceOrientationLandscapeRight";
				IPHONEOS_DEPLOYMENT_TARGET = 16.4;
				LD_RUNPATH_SEARCH_PATHS = "@executable_path/Frameworks";
				"LD_RUNPATH_SEARCH_PATHS[sdk=macosx*]" = "@executable_path/../Frameworks";
				MACOSX_DEPLOYMENT_TARGET = 13.3;
				MARKETING_VERSION = 1.0;
				PRODUCT_BUNDLE_IDENTIFIER = com.otaviopontes.AppCounter;
				PRODUCT_NAME = "$(TARGET_NAME)";
				SDKROOT = auto;
				SUPPORTED_PLATFORMS = "iphoneos iphonesimulator macosx";
				SWIFT_EMIT_LOC_STRINGS = YES;
				SWIFT_VERSION = 5.0;
				TARGETED_DEVICE_FAMILY = "1,2";
			};
			name = Release;
		};
		BF17639D2A7058FD001C3AB8 /* Debug */ = {
			isa = XCBuildConfiguration;
			buildSettings = {
				ALWAYS_EMBED_SWIFT_STANDARD_LIBRARIES = YES;
				BUNDLE_LOADER = "$(TEST_HOST)";
				CODE_SIGN_STYLE = Automatic;
				CURRENT_PROJECT_VERSION = 1;
				DEVELOPMENT_TEAM = KF3X8KAAYQ;
				GENERATE_INFOPLIST_FILE = YES;
				IPHONEOS_DEPLOYMENT_TARGET = 16.4;
				MACOSX_DEPLOYMENT_TARGET = 13.3;
				MARKETING_VERSION = 1.0;
				PRODUCT_BUNDLE_IDENTIFIER = com.otaviopontes.AppCounterTests;
				PRODUCT_NAME = "$(TARGET_NAME)";
				SDKROOT = auto;
				SUPPORTED_PLATFORMS = "iphoneos iphonesimulator macosx";
				SWIFT_EMIT_LOC_STRINGS = NO;
				SWIFT_VERSION = 5.0;
				TARGETED_DEVICE_FAMILY = "1,2";
				TEST_HOST = "$(BUILT_PRODUCTS_DIR)/AppCounter.app/$(BUNDLE_EXECUTABLE_FOLDER_PATH)/AppCounter";
			};
			name = Debug;
		};
		BF17639E2A7058FD001C3AB8 /* Release */ = {
			isa = XCBuildConfiguration;
			buildSettings = {
				ALWAYS_EMBED_SWIFT_STANDARD_LIBRARIES = YES;
				BUNDLE_LOADER = "$(TEST_HOST)";
				CODE_SIGN_STYLE = Automatic;
				CURRENT_PROJECT_VERSION = 1;
				DEVELOPMENT_TEAM = KF3X8KAAYQ;
				GENERATE_INFOPLIST_FILE = YES;
				IPHONEOS_DEPLOYMENT_TARGET = 16.4;
				MACOSX_DEPLOYMENT_TARGET = 13.3;
				MARKETING_VERSION = 1.0;
				PRODUCT_BUNDLE_IDENTIFIER = com.otaviopontes.AppCounterTests;
				PRODUCT_NAME = "$(TARGET_NAME)";
				SDKROOT = auto;
				SUPPORTED_PLATFORMS = "iphoneos iphonesimulator macosx";
				SWIFT_EMIT_LOC_STRINGS = NO;
				SWIFT_VERSION = 5.0;
				TARGETED_DEVICE_FAMILY = "1,2";
				TEST_HOST = "$(BUILT_PRODUCTS_DIR)/AppCounter.app/$(BUNDLE_EXECUTABLE_FOLDER_PATH)/AppCounter";
			};
			name = Release;
		};
		BF1763A02A7058FD001C3AB8 /* Debug */ = {
			isa = XCBuildConfiguration;
			buildSettings = {
				ALWAYS_EMBED_SWIFT_STANDARD_LIBRARIES = YES;
				CODE_SIGN_STYLE = Automatic;
				CURRENT_PROJECT_VERSION = 1;
				DEVELOPMENT_TEAM = KF3X8KAAYQ;
				GENERATE_INFOPLIST_FILE = YES;
				IPHONEOS_DEPLOYMENT_TARGET = 16.4;
				MACOSX_DEPLOYMENT_TARGET = 13.3;
				MARKETING_VERSION = 1.0;
				PRODUCT_BUNDLE_IDENTIFIER = com.otaviopontes.AppCounterUITests;
				PRODUCT_NAME = "$(TARGET_NAME)";
				SDKROOT = auto;
				SUPPORTED_PLATFORMS = "iphoneos iphonesimulator macosx";
				SWIFT_EMIT_LOC_STRINGS = NO;
				SWIFT_VERSION = 5.0;
				TARGETED_DEVICE_FAMILY = "1,2";
				TEST_TARGET_NAME = AppCounter;
			};
			name = Debug;
		};
		BF1763A12A7058FD001C3AB8 /* Release */ = {
			isa = XCBuildConfiguration;
			buildSettings = {
				ALWAYS_EMBED_SWIFT_STANDARD_LIBRARIES = YES;
				CODE_SIGN_STYLE = Automatic;
				CURRENT_PROJECT_VERSION = 1;
				DEVELOPMENT_TEAM = KF3X8KAAYQ;
				GENERATE_INFOPLIST_FILE = YES;
				IPHONEOS_DEPLOYMENT_TARGET = 16.4;
				MACOSX_DEPLOYMENT_TARGET = 13.3;
				MARKETING_VERSION = 1.0;
				PRODUCT_BUNDLE_IDENTIFIER = com.otaviopontes.AppCounterUITests;
				PRODUCT_NAME = "$(TARGET_NAME)";
				SDKROOT = auto;
				SUPPORTED_PLATFORMS = "iphoneos iphonesimulator macosx";
				SWIFT_EMIT_LOC_STRINGS = NO;
				SWIFT_VERSION = 5.0;
				TARGETED_DEVICE_FAMILY = "1,2";
				TEST_TARGET_NAME = AppCounter;
			};
			name = Release;
		};
/* End XCBuildConfiguration section */

/* Begin XCConfigurationList section */
		BF17636F2A7058FC001C3AB8 /* Build configuration list for PBXProject "AppCounter" */ = {
			isa = XCConfigurationList;
			buildConfigurations = (
				BF1763972A7058FD001C3AB8 /* Debug */,
				BF1763982A7058FD001C3AB8 /* Release */,
			);
			defaultConfigurationIsVisible = 0;
			defaultConfigurationName = Release;
		};
		BF1763992A7058FD001C3AB8 /* Build configuration list for PBXNativeTarget "AppCounter" */ = {
			isa = XCConfigurationList;
			buildConfigurations = (
				BF17639A2A7058FD001C3AB8 /* Debug */,
				BF17639B2A7058FD001C3AB8 /* Release */,
			);
			defaultConfigurationIsVisible = 0;
			defaultConfigurationName = Release;
		};
		BF17639C2A7058FD001C3AB8 /* Build configuration list for PBXNativeTarget "AppCounterTests" */ = {
			isa = XCConfigurationList;
			buildConfigurations = (
				BF17639D2A7058FD001C3AB8 /* Debug */,
				BF17639E2A7058FD001C3AB8 /* Release */,
			);
			defaultConfigurationIsVisible = 0;
			defaultConfigurationName = Release;
		};
		BF17639F2A7058FD001C3AB8 /* Build configuration list for PBXNativeTarget "AppCounterUITests" */ = {
			isa = XCConfigurationList;
			buildConfigurations = (
				BF1763A02A7058FD001C3AB8 /* Debug */,
				BF1763A12A7058FD001C3AB8 /* Release */,
			);
			defaultConfigurationIsVisible = 0;
			defaultConfigurationName = Release;
		};
/* End XCConfigurationList section */
	};
	rootObject = BF17636C2A7058FC001C3AB8 /* Project object */;
}
